schema: '2.0'
stages:
  prepare:
    cmd: python src/prepare.py
    deps:
    - path: data/raw/credit_risk_dataset.csv
      hash: md5
      md5: e90efcb83d69faf99fcab8b0255024de
      size: 150828752
    - path: src/prepare.py
      hash: md5
      md5: 0c134a8908c72172be7e47987405ddd7
      size: 3834
    params:
      params.yaml:
        prepare:
          test_size: 0.2
          random_state: 42
    outs:
    - path: data/processed/X_test.csv
      hash: md5
      md5: 578b3985978b1db38f44f3749c38af1b
      size: 33867390
    - path: data/processed/X_train.csv
      hash: md5
      md5: e458ebf70313f03127a5d587b2bff6b5
      size: 135474639
    - path: data/processed/preprocessor.pkl
      hash: md5
      md5: 47ee41bbf80ae4a15b283549e3bb4b1c
      size: 1719
    - path: data/processed/y_test.csv
      hash: md5
      md5: 6997f6b22451ec46a3c00f551b219b6f
      size: 341682
    - path: data/processed/y_train.csv
      hash: md5
      md5: b3a9308ee625e1c195184053a96873f0
      size: 1366684
  train:
    cmd: python src/train.py
    deps:
    - path: data/processed/X_test.csv
      hash: md5
      md5: 578b3985978b1db38f44f3749c38af1b
      size: 33867390
    - path: data/processed/X_train.csv
      hash: md5
      md5: e458ebf70313f03127a5d587b2bff6b5
      size: 135474639
    - path: data/processed/y_test.csv
      hash: md5
      md5: 6997f6b22451ec46a3c00f551b219b6f
      size: 341682
    - path: data/processed/y_train.csv
      hash: md5
      md5: b3a9308ee625e1c195184053a96873f0
      size: 1366684
    - path: src/train.py
      hash: md5
      md5: ce174a46599063a80dd57d1d2e34df90
      size: 4990
    params:
      params.yaml:
        train:
          experiment_name: loan-default-prediction
          model_type: random_forest
          run_name: random-forest-balanced-final
          n_estimators: 100
          max_depth: 10
          min_samples_split: 2
          random_state: 42
          class_weight: balanced
    outs:
    - path: models/model.joblib
      hash: md5
      md5: 35ff7457ca2ce0a8715ad2219a487651
      size: 3452985
  evaluate:
    cmd: python src/evaluate.py
    deps:
    - path: data/processed/X_test.csv
      hash: md5
      md5: 578b3985978b1db38f44f3749c38af1b
      size: 33867390
    - path: data/processed/y_test.csv
      hash: md5
      md5: 6997f6b22451ec46a3c00f551b219b6f
      size: 341682
    - path: models/model.joblib
      hash: md5
      md5: 35ff7457ca2ce0a8715ad2219a487651
      size: 3452985
    - path: src/evaluate.py
      hash: md5
      md5: 649a3aa004bbc80fdaea0faece2bfef1
      size: 5084
    params:
      params.yaml:
        evaluate:
          threshold: 0.5
    outs:
    - path: reports/figures/confusion_matrix.png
      hash: md5
      md5: cec415b039ffd4cb2c32ed4e4c0d7d49
      size: 63145
    - path: reports/figures/roc_curve.png
      hash: md5
      md5: dddfaecaeff88167a4b879fee225dd3d
      size: 78509
    - path: reports/metrics.json
      hash: md5
      md5: 3bd3c42e7dbd5eb4e84dbd6acc620733
      size: 214
