schema: '2.0'
stages:
  prepare:
    cmd: python src/prepare.py
    deps:
    - path: data/raw/credit_risk_dataset.csv
      hash: md5
      md5: edefc4ecb05ed4a06e3811a201c6decd
      size: 2642755
    - path: src/prepare.py
      hash: md5
      md5: 588d0b1d37f74c217d69b4b8c6bcfd39
      size: 11583
    params:
      params.yaml:
        prepare:
          test_size: 0.15
          validation_size: 0.15
          random_state: 42
    outs:
    - path: data/processed/X_test.csv
      hash: md5
      md5: 4b41b61d077ddfc34572f76ed901bc16
      size: 663413
    - path: data/processed/X_train.csv
      hash: md5
      md5: f3d9137bb9b16c3a4d2f442290c4195c
      size: 3093584
    - path: data/processed/X_val.csv
      hash: md5
      md5: 6086dddc045f4d1268547fdbb72b0109
      size: 663407
    - path: data/processed/preprocessor.pkl
      hash: md5
      md5: aaf5c669496b853b7b49102e7aeffefc
      size: 4549
    - path: data/processed/y_test.csv
      hash: md5
      md5: 7f62b0d259c7b80b50c559dd543ed224
      size: 33057
    - path: data/processed/y_train.csv
      hash: md5
      md5: a4d5b67b24a4486b1ebb96754e3f4aab
      size: 154204
    - path: data/processed/y_val.csv
      hash: md5
      md5: f85a803e735847e330028251b81f603f
      size: 33057
  train:
    cmd: python src/train.py
    deps:
    - path: data/processed/X_train.csv
      hash: md5
      md5: f3d9137bb9b16c3a4d2f442290c4195c
      size: 3093584
    - path: data/processed/X_val.csv
      hash: md5
      md5: 6086dddc045f4d1268547fdbb72b0109
      size: 663407
    - path: data/processed/y_train.csv
      hash: md5
      md5: a4d5b67b24a4486b1ebb96754e3f4aab
      size: 154204
    - path: data/processed/y_val.csv
      hash: md5
      md5: f85a803e735847e330028251b81f603f
      size: 33057
    - path: src/train.py
      hash: md5
      md5: f26d366d5693862ee0259536ba0f6c2f
      size: 7372
    params:
      params.yaml:
        train:
          experiment_name: loan-default-prediction
          model_type: random_forest
          run_name: 03-rf-experiment-2
          n_estimators: 200
          max_depth: 15
          min_samples_split: 5
          random_state: 42
          class_weight: balanced
    outs:
    - path: models/model.joblib
      hash: md5
      md5: 01f4fde19d76cb3838cd099bd117479c
      size: 26982121
  evaluate:
    cmd: python src/evaluate.py
    deps:
    - path: data/processed/X_test.csv
      hash: md5
      md5: 4b41b61d077ddfc34572f76ed901bc16
      size: 663413
    - path: data/processed/y_test.csv
      hash: md5
      md5: 7f62b0d259c7b80b50c559dd543ed224
      size: 33057
    - path: models/model.joblib
      hash: md5
      md5: 01f4fde19d76cb3838cd099bd117479c
      size: 26982121
    - path: src/evaluate.py
      hash: md5
      md5: 649a3aa004bbc80fdaea0faece2bfef1
      size: 5084
    params:
      params.yaml:
        evaluate:
          threshold: 0.5
    outs:
    - path: reports/figures/confusion_matrix.png
      hash: md5
      md5: 6b33ed49dc8d7b5d81cb5e74fbe477c0
      size: 68590
    - path: reports/figures/roc_curve.png
      hash: md5
      md5: d82a5ede165a6632b6d797f7548e7304
      size: 94792
    - path: reports/metrics.json
      hash: md5
      md5: a9ff033b40abc481804eea87026c41eb
      size: 217
